{
  "name": "WellesleyAdminPanel",
  "lockfileVersion": 2,
  "requires": true,
  "packages": {
    "": {
      "name": "WellesleyAdminPanel",
      "dependencies": {
        "dotenv": "^16.0.1",
        "webauthn-simple-app": "^2.0.0"
      }
    },
    "node_modules/@types/estree": {
      "version": "0.0.39",
      "resolved": "https://registry.npmjs.org/@types/estree/-/estree-0.0.39.tgz",
      "integrity": "sha512-EYNwp3bU+98cpU4lAWYYL7Zz+2gryWH1qbdDTidVd6hkiR6weksdbMadyXKXNPEkQFhXM+hVO9ZygomHXp+AIw=="
    },
    "node_modules/@types/node": {
      "version": "18.0.3",
      "resolved": "https://registry.npmjs.org/@types/node/-/node-18.0.3.tgz",
      "integrity": "sha512-HzNRZtp4eepNitP+BD6k2L6DROIDG4Q0fm4x+dwfsr6LGmROENnok75VGw40628xf+iR24WeMFcHuuBDUAzzsQ=="
    },
    "node_modules/dotenv": {
      "version": "16.0.1",
      "resolved": "https://registry.npmjs.org/dotenv/-/dotenv-16.0.1.tgz",
      "integrity": "sha512-1K6hR6wtk2FviQ4kEiSjFiH5rpzEVi8WW0x96aztHVMhEspNpc4DVOUTEHtEva5VThQ8IaBX1Pe4gSzpVVUsKQ==",
      "engines": {
        "node": ">=12"
      }
    },
    "node_modules/rollup": {
      "version": "0.61.2",
      "resolved": "https://registry.npmjs.org/rollup/-/rollup-0.61.2.tgz",
      "integrity": "sha512-NN7GaX3c9I3oz+CjEex7+JbnSxrLMTBXNRThI4qdN2Tq0K/7RiedlEzOHyuVAHPZKvQeoPiRioTWL3xhmN+oCg==",
      "dependencies": {
        "@types/estree": "0.0.39",
        "@types/node": "*"
      },
      "bin": {
        "rollup": "bin/rollup"
      }
    },
    "node_modules/webauthn-simple-app": {
      "version": "2.0.0",
      "resolved": "https://registry.npmjs.org/webauthn-simple-app/-/webauthn-simple-app-2.0.0.tgz",
      "integrity": "sha512-oZ59SYX4iqX+2y+/A3kCI3OhhiaQ33QMr8HTR/hAcpfpR2/xUWUA2wYftSB4W8MRTgpLGuHUVna4gJhUwNvNfQ==",
      "hasInstallScript": true,
      "dependencies": {
        "rollup": "^0.61.2"
      }
    }
  },
  "dependencies": {
    "@types/estree": {
      "version": "0.0.39",
      "resolved": "https://registry.npmjs.org/@types/estree/-/estree-0.0.39.tgz",
      "integrity": "sha512-EYNwp3bU+98cpU4lAWYYL7Zz+2gryWH1qbdDTidVd6hkiR6weksdbMadyXKXNPEkQFhXM+hVO9ZygomHXp+AIw=="
    },
    "@types/node": {
      "version": "18.0.3",
      "resolved": "https://registry.npmjs.org/@types/node/-/node-18.0.3.tgz",
      "integrity": "sha512-HzNRZtp4eepNitP+BD6k2L6DROIDG4Q0fm4x+dwfsr6LGmROENnok75VGw40628xf+iR24WeMFcHuuBDUAzzsQ=="
    },
    "dotenv": {
      "version": "16.0.1",
      "resolved": "https://registry.npmjs.org/dotenv/-/dotenv-16.0.1.tgz",
      "integrity": "sha512-1K6hR6wtk2FviQ4kEiSjFiH5rpzEVi8WW0x96aztHVMhEspNpc4DVOUTEHtEva5VThQ8IaBX1Pe4gSzpVVUsKQ=="
    },
    "rollup": {
      "version": "0.61.2",
      "resolved": "https://registry.npmjs.org/rollup/-/rollup-0.61.2.tgz",
      "integrity": "sha512-NN7GaX3c9I3oz+CjEex7+JbnSxrLMTBXNRThI4qdN2Tq0K/7RiedlEzOHyuVAHPZKvQeoPiRioTWL3xhmN+oCg==",
      "requires": {
        "@types/estree": "0.0.39",
        "@types/node": "*"
      }
    },
    "webauthn-simple-app": {
      "version": "2.0.0",
      "resolved": "https://registry.npmjs.org/webauthn-simple-app/-/webauthn-simple-app-2.0.0.tgz",
      "integrity": "sha512-oZ59SYX4iqX+2y+/A3kCI3OhhiaQ33QMr8HTR/hAcpfpR2/xUWUA2wYftSB4W8MRTgpLGuHUVna4gJhUwNvNfQ==",
      "requires": {
        "rollup": "^0.61.2"
      }
    }
  }
}
